
Microsoft Visual Studio Solution File, Format Version 12.00
# Visual Studio Version 17
VisualStudioVersion = 17.14.36310.24 d17.14
MinimumVisualStudioVersion = 10.0.40219.1
Project("{FAE04EC0-301F-11D3-BF4B-00C04F79EFBC}") = "1-HelloWorld", "1-HelloWorld\1-HelloWorld.csproj", "{A92B188E-2681-4A61-94F3-9A1B1E58182C}"
EndProject
Global
	GlobalSection(SolutionConfigurationPlatforms) = preSolution
		Debug|Any CPU = Debug|Any CPU
		Release|Any CPU = Release|Any CPU
	EndGlobalSection
	GlobalSection(ProjectConfigurationPlatforms) = postSolution
		{A92B188E-2681-4A61-94F3-9A1B1E58182C}.Debug|Any CPU.ActiveCfg = Debug|Any CPU
		{A92B188E-2681-4A61-94F3-9A1B1E58182C}.Debug|Any CPU.Build.0 = Debug|Any CPU
		{A92B188E-2681-4A61-94F3-9A1B1E58182C}.Release|Any CPU.ActiveCfg = Release|Any CPU
		{A92B188E-2681-4A61-94F3-9A1B1E58182C}.Release|Any CPU.Build.0 = Release|Any CPU
	EndGlobalSection
	GlobalSection(SolutionProperties) = preSolution
		HideSolutionNode = FALSE
	EndGlobalSection
	GlobalSection(ExtensibilityGlobals) = postSolution
		SolutionGuid = {A9FB3A92-817D-490F-8336-C1C1131EB17C}
	EndGlobalSection
EndGlobal
